
Microsoft Visual Studio Solution File, Format Version 12.00
# Visual Studio Version 17
VisualStudioVersion = 17.9.34616.47
MinimumVisualStudioVersion = 10.0.40219.1
Project("{FAE04EC0-301F-11D3-BF4B-00C04F79EFBC}") = "DotNetCoreDemoProject", "DotNetCoreDemoProject\DotNetCoreDemoProject.csproj", "{F1E36F47-1FFB-4005-964A-F0A3FA1E6040}"
EndProject
Global
	GlobalSection(SolutionConfigurationPlatforms) = preSolution
		Debug|Any CPU = Debug|Any CPU
		Release|Any CPU = Release|Any CPU
	EndGlobalSection
	GlobalSection(ProjectConfigurationPlatforms) = postSolution
		{F1E36F47-1FFB-4005-964A-F0A3FA1E6040}.Debug|Any CPU.ActiveCfg = Debug|Any CPU
		{F1E36F47-1FFB-4005-964A-F0A3FA1E6040}.Debug|Any CPU.Build.0 = Debug|Any CPU
		{F1E36F47-1FFB-4005-964A-F0A3FA1E6040}.Release|Any CPU.ActiveCfg = Release|Any CPU
		{F1E36F47-1FFB-4005-964A-F0A3FA1E6040}.Release|Any CPU.Build.0 = Release|Any CPU
	EndGlobalSection
	GlobalSection(SolutionProperties) = preSolution
		HideSolutionNode = FALSE
	EndGlobalSection
	GlobalSection(ExtensibilityGlobals) = postSolution
		SolutionGuid = {D9D7F5C8-F6D5-4A1F-AD4D-485B9D5B2ABE}
	EndGlobalSection
EndGlobal
